// !$*UTF8*$!
{
	archiveVersion = 1;
	classes = {
	};
	objectVersion = 55;
	objects = {

/* Begin PBXBuildFile section */
		6D9249B728AC17A3001F6B81 /* AppDelegate.swift in Sources */ = {isa = PBXBuildFile; fileRef = 6D9249B628AC17A3001F6B81 /* AppDelegate.swift */; };
		6D9249B928AC17A3001F6B81 /* SceneDelegate.swift in Sources */ = {isa = PBXBuildFile; fileRef = 6D9249B828AC17A3001F6B81 /* SceneDelegate.swift */; };
		6D9249BB28AC17A3001F6B81 /* ViewController.swift in Sources */ = {isa = PBXBuildFile; fileRef = 6D9249BA28AC17A3001F6B81 /* ViewController.swift */; };
		6D9249BE28AC17A3001F6B81 /* Main.storyboard in Resources */ = {isa = PBXBuildFile; fileRef = 6D9249BC28AC17A3001F6B81 /* Main.storyboard */; };
		6D9249C028AC17A9001F6B81 /* Assets.xcassets in Resources */ = {isa = PBXBuildFile; fileRef = 6D9249BF28AC17A9001F6B81 /* Assets.xcassets */; };
		6D9249C328AC17A9001F6B81 /* LaunchScreen.storyboard in Resources */ = {isa = PBXBuildFile; fileRef = 6D9249C128AC17A9001F6B81 /* LaunchScreen.storyboard */; };
		6D9249CE28AC17AA001F6B81 /* ComfortCloudTests.swift in Sources */ = {isa = PBXBuildFile; fileRef = 6D9249CD28AC17AA001F6B81 /* ComfortCloudTests.swift */; };
		6D9249D828AC17AA001F6B81 /* ComfortCloudUITests.swift in Sources */ = {isa = PBXBuildFile; fileRef = 6D9249D728AC17AA001F6B81 /* ComfortCloudUITests.swift */; };
		6D9249DA28AC17AA001F6B81 /* ComfortCloudUITestsLaunchTests.swift in Sources */ = {isa = PBXBuildFile; fileRef = 6D9249D928AC17AA001F6B81 /* ComfortCloudUITestsLaunchTests.swift */; };
		6D9249E728AC1A5F001F6B81 /* cloud.png in Resources */ = {isa = PBXBuildFile; fileRef = 6D9249E628AC1A5F001F6B81 /* cloud.png */; };
		6D9249E928AD31B5001F6B81 /* WordsViewController.swift in Sources */ = {isa = PBXBuildFile; fileRef = 6D9249E828AD31B5001F6B81 /* WordsViewController.swift */; };
		6D9249EB28AD31D3001F6B81 /* JokesViewController.swift in Sources */ = {isa = PBXBuildFile; fileRef = 6D9249EA28AD31D3001F6B81 /* JokesViewController.swift */; };
		6D9249ED28AD31E3001F6B81 /* BreatheViewController.swift in Sources */ = {isa = PBXBuildFile; fileRef = 6D9249EC28AD31E3001F6B81 /* BreatheViewController.swift */; };
/* End PBXBuildFile section */

/* Begin PBXContainerItemProxy section */
		6D9249CA28AC17AA001F6B81 /* PBXContainerItemProxy */ = {
			isa = PBXContainerItemProxy;
			containerPortal = 6D9249AB28AC17A3001F6B81 /* Project object */;
			proxyType = 1;
			remoteGlobalIDString = 6D9249B228AC17A3001F6B81;
			remoteInfo = ComfortCloud;
		};
		6D9249D428AC17AA001F6B81 /* PBXContainerItemProxy */ = {
			isa = PBXContainerItemProxy;
			containerPortal = 6D9249AB28AC17A3001F6B81 /* Project object */;
			proxyType = 1;
			remoteGlobalIDString = 6D9249B228AC17A3001F6B81;
			remoteInfo = ComfortCloud;
		};
/* End PBXContainerItemProxy section */

/* Begin PBXFileReference section */
		6D9249B328AC17A3001F6B81 /* ComfortCloud.app */ = {isa = PBXFileReference; explicitFileType = wrapper.application; includeInIndex = 0; path = ComfortCloud.app; sourceTree = BUILT_PRODUCTS_DIR; };
		6D9249B628AC17A3001F6B81 /* AppDelegate.swift */ = {isa = PBXFileReference; lastKnownFileType = sourcecode.swift; path = AppDelegate.swift; sourceTree = "<group>"; };
		6D9249B828AC17A3001F6B81 /* SceneDelegate.swift */ = {isa = PBXFileReference; lastKnownFileType = sourcecode.swift; path = SceneDelegate.swift; sourceTree = "<group>"; };
		6D9249BA28AC17A3001F6B81 /* ViewController.swift */ = {isa = PBXFileReference; lastKnownFileType = sourcecode.swift; path = ViewController.swift; sourceTree = "<group>"; };
		6D9249BD28AC17A3001F6B81 /* Base */ = {isa = PBXFileReference; lastKnownFileType = file.storyboard; name = Base; path = Base.lproj/Main.storyboard; sourceTree = "<group>"; };
		6D9249BF28AC17A9001F6B81 /* Assets.xcassets */ = {isa = PBXFileReference; lastKnownFileType = folder.assetcatalog; path = Assets.xcassets; sourceTree = "<group>"; };
		6D9249C228AC17A9001F6B81 /* Base */ = {isa = PBXFileReference; lastKnownFileType = file.storyboard; name = Base; path = Base.lproj/LaunchScreen.storyboard; sourceTree = "<group>"; };
		6D9249C428AC17A9001F6B81 /* Info.plist */ = {isa = PBXFileReference; lastKnownFileType = text.plist.xml; path = Info.plist; sourceTree = "<group>"; };
		6D9249C928AC17AA001F6B81 /* ComfortCloudTests.xctest */ = {isa = PBXFileReference; explicitFileType = wrapper.cfbundle; includeInIndex = 0; path = ComfortCloudTests.xctest; sourceTree = BUILT_PRODUCTS_DIR; };
		6D9249CD28AC17AA001F6B81 /* ComfortCloudTests.swift */ = {isa = PBXFileReference; lastKnownFileType = sourcecode.swift; path = ComfortCloudTests.swift; sourceTree = "<group>"; };
		6D9249D328AC17AA001F6B81 /* ComfortCloudUITests.xctest */ = {isa = PBXFileReference; explicitFileType = wrapper.cfbundle; includeInIndex = 0; path = ComfortCloudUITests.xctest; sourceTree = BUILT_PRODUCTS_DIR; };
		6D9249D728AC17AA001F6B81 /* ComfortCloudUITests.swift */ = {isa = PBXFileReference; lastKnownFileType = sourcecode.swift; path = ComfortCloudUITests.swift; sourceTree = "<group>"; };
		6D9249D928AC17AA001F6B81 /* ComfortCloudUITestsLaunchTests.swift */ = {isa = PBXFileReference; lastKnownFileType = sourcecode.swift; path = ComfortCloudUITestsLaunchTests.swift; sourceTree = "<group>"; };
		6D9249E628AC1A5F001F6B81 /* cloud.png */ = {isa = PBXFileReference; lastKnownFileType = image.png; name = cloud.png; path = ../../../../cloud.png; sourceTree = "<group>"; };
		6D9249E828AD31B5001F6B81 /* WordsViewController.swift */ = {isa = PBXFileReference; lastKnownFileType = sourcecode.swift; path = WordsViewController.swift; sourceTree = "<group>"; };
		6D9249EA28AD31D3001F6B81 /* JokesViewController.swift */ = {isa = PBXFileReference; lastKnownFileType = sourcecode.swift; path = JokesViewController.swift; sourceTree = "<group>"; };
		6D9249EC28AD31E3001F6B81 /* BreatheViewController.swift */ = {isa = PBXFileReference; lastKnownFileType = sourcecode.swift; path = BreatheViewController.swift; sourceTree = "<group>"; };
/* End PBXFileReference section */

/* Begin PBXFrameworksBuildPhase section */
		6D9249B028AC17A3001F6B81 /* Frameworks */ = {
			isa = PBXFrameworksBuildPhase;
			buildActionMask = 2147483647;
			files = (
			);
			runOnlyForDeploymentPostprocessing = 0;
		};
		6D9249C628AC17AA001F6B81 /* Frameworks */ = {
			isa = PBXFrameworksBuildPhase;
			buildActionMask = 2147483647;
			files = (
			);
			runOnlyForDeploymentPostprocessing = 0;
		};
		6D9249D028AC17AA001F6B81 /* Frameworks */ = {
			isa = PBXFrameworksBuildPhase;
			buildActionMask = 2147483647;
			files = (
			);
			runOnlyForDeploymentPostprocessing = 0;
		};
/* End PBXFrameworksBuildPhase section */

/* Begin PBXGroup section */
		6D9249AA28AC17A3001F6B81 = {
			isa = PBXGroup;
			children = (
				6D9249EC28AD31E3001F6B81 /* BreatheViewController.swift */,
				6D9249EA28AD31D3001F6B81 /* JokesViewController.swift */,
				6D9249E828AD31B5001F6B81 /* WordsViewController.swift */,
				6D9249B528AC17A3001F6B81 /* ComfortCloud */,
				6D9249CC28AC17AA001F6B81 /* ComfortCloudTests */,
				6D9249D628AC17AA001F6B81 /* ComfortCloudUITests */,
				6D9249B428AC17A3001F6B81 /* Products */,
			);
			sourceTree = "<group>";
		};
		6D9249B428AC17A3001F6B81 /* Products */ = {
			isa = PBXGroup;
			children = (
				6D9249B328AC17A3001F6B81 /* ComfortCloud.app */,
				6D9249C928AC17AA001F6B81 /* ComfortCloudTests.xctest */,
				6D9249D328AC17AA001F6B81 /* ComfortCloudUITests.xctest */,
			);
			name = Products;
			sourceTree = "<group>";
		};
		6D9249B528AC17A3001F6B81 /* ComfortCloud */ = {
			isa = PBXGroup;
			children = (
				6D9249B628AC17A3001F6B81 /* AppDelegate.swift */,
				6D9249B828AC17A3001F6B81 /* SceneDelegate.swift */,
				6D9249BA28AC17A3001F6B81 /* ViewController.swift */,
				6D9249BC28AC17A3001F6B81 /* Main.storyboard */,
				6D9249E628AC1A5F001F6B81 /* cloud.png */,
				6D9249BF28AC17A9001F6B81 /* Assets.xcassets */,
				6D9249C128AC17A9001F6B81 /* LaunchScreen.storyboard */,
				6D9249C428AC17A9001F6B81 /* Info.plist */,
			);
			path = ComfortCloud;
			sourceTree = "<group>";
		};
		6D9249CC28AC17AA001F6B81 /* ComfortCloudTests */ = {
			isa = PBXGroup;
			children = (
				6D9249CD28AC17AA001F6B81 /* ComfortCloudTests.swift */,
			);
			path = ComfortCloudTests;
			sourceTree = "<group>";
		};
		6D9249D628AC17AA001F6B81 /* ComfortCloudUITests */ = {
			isa = PBXGroup;
			children = (
				6D9249D728AC17AA001F6B81 /* ComfortCloudUITests.swift */,
				6D9249D928AC17AA001F6B81 /* ComfortCloudUITestsLaunchTests.swift */,
			);
			path = ComfortCloudUITests;
			sourceTree = "<group>";
		};
/* End PBXGroup section */

/* Begin PBXNativeTarget section */
		6D9249B228AC17A3001F6B81 /* ComfortCloud */ = {
			isa = PBXNativeTarget;
			buildConfigurationList = 6D9249DD28AC17AA001F6B81 /* Build configuration list for PBXNativeTarget "ComfortCloud" */;
			buildPhases = (
				6D9249AF28AC17A3001F6B81 /* Sources */,
				6D9249B028AC17A3001F6B81 /* Frameworks */,
				6D9249B128AC17A3001F6B81 /* Resources */,
			);
			buildRules = (
			);
			dependencies = (
			);
			name = ComfortCloud;
			productName = ComfortCloud;
			productReference = 6D9249B328AC17A3001F6B81 /* ComfortCloud.app */;
			productType = "com.apple.product-type.application";
		};
		6D9249C828AC17AA001F6B81 /* ComfortCloudTests */ = {
			isa = PBXNativeTarget;
			buildConfigurationList = 6D9249E028AC17AA001F6B81 /* Build configuration list for PBXNativeTarget "ComfortCloudTests" */;
			buildPhases = (
				6D9249C528AC17AA001F6B81 /* Sources */,
				6D9249C628AC17AA001F6B81 /* Frameworks */,
				6D9249C728AC17AA001F6B81 /* Resources */,
			);
			buildRules = (
			);
			dependencies = (
				6D9249CB28AC17AA001F6B81 /* PBXTargetDependency */,
			);
			name = ComfortCloudTests;
			productName = ComfortCloudTests;
			productReference = 6D9249C928AC17AA001F6B81 /* ComfortCloudTests.xctest */;
			productType = "com.apple.product-type.bundle.unit-test";
		};
		6D9249D228AC17AA001F6B81 /* ComfortCloudUITests */ = {
			isa = PBXNativeTarget;
			buildConfigurationList = 6D9249E328AC17AA001F6B81 /* Build configuration list for PBXNativeTarget "ComfortCloudUITests" */;
			buildPhases = (
				6D9249CF28AC17AA001F6B81 /* Sources */,
				6D9249D028AC17AA001F6B81 /* Frameworks */,
				6D9249D128AC17AA001F6B81 /* Resources */,
			);
			buildRules = (
			);
			dependencies = (
				6D9249D528AC17AA001F6B81 /* PBXTargetDependency */,
			);
			name = ComfortCloudUITests;
			productName = ComfortCloudUITests;
			productReference = 6D9249D328AC17AA001F6B81 /* ComfortCloudUITests.xctest */;
			productType = "com.apple.product-type.bundle.ui-testing";
		};
/* End PBXNativeTarget section */

/* Begin PBXProject section */
		6D9249AB28AC17A3001F6B81 /* Project object */ = {
			isa = PBXProject;
			attributes = {
				BuildIndependentTargetsInParallel = 1;
				LastSwiftUpdateCheck = 1340;
				LastUpgradeCheck = 1340;
				TargetAttributes = {
					6D9249B228AC17A3001F6B81 = {
						CreatedOnToolsVersion = 13.4.1;
					};
					6D9249C828AC17AA001F6B81 = {
						CreatedOnToolsVersion = 13.4.1;
						TestTargetID = 6D9249B228AC17A3001F6B81;
					};
					6D9249D228AC17AA001F6B81 = {
						CreatedOnToolsVersion = 13.4.1;
						TestTargetID = 6D9249B228AC17A3001F6B81;
					};
				};
			};
			buildConfigurationList = 6D9249AE28AC17A3001F6B81 /* Build configuration list for PBXProject "ComfortCloud" */;
			compatibilityVersion = "Xcode 13.0";
			developmentRegion = en;
			hasScannedForEncodings = 0;
			knownRegions = (
				en,
				Base,
			);
			mainGroup = 6D9249AA28AC17A3001F6B81;
			productRefGroup = 6D9249B428AC17A3001F6B81 /* Products */;
			projectDirPath = "";
			projectRoot = "";
			targets = (
				6D9249B228AC17A3001F6B81 /* ComfortCloud */,
				6D9249C828AC17AA001F6B81 /* ComfortCloudTests */,
				6D9249D228AC17AA001F6B81 /* ComfortCloudUITests */,
			);
		};
/* End PBXProject section */

/* Begin PBXResourcesBuildPhase section */
		6D9249B128AC17A3001F6B81 /* Resources */ = {
			isa = PBXResourcesBuildPhase;
			buildActionMask = 2147483647;
			files = (
				6D9249C328AC17A9001F6B81 /* LaunchScreen.storyboard in Resources */,
				6D9249C028AC17A9001F6B81 /* Assets.xcassets in Resources */,
				6D9249BE28AC17A3001F6B81 /* Main.storyboard in Resources */,
				6D9249E728AC1A5F001F6B81 /* cloud.png in Resources */,
			);
			runOnlyForDeploymentPostprocessing = 0;
		};
		6D9249C728AC17AA001F6B81 /* Resources */ = {
			isa = PBXResourcesBuildPhase;
			buildActionMask = 2147483647;
			files = (
			);
			runOnlyForDeploymentPostprocessing = 0;
		};
		6D9249D128AC17AA001F6B81 /* Resources */ = {
			isa = PBXResourcesBuildPhase;
			buildActionMask = 2147483647;
			files = (
			);
			runOnlyForDeploymentPostprocessing = 0;
		};
/* End PBXResourcesBuildPhase section */

/* Begin PBXSourcesBuildPhase section */
		6D9249AF28AC17A3001F6B81 /* Sources */ = {
			isa = PBXSourcesBuildPhase;
			buildActionMask = 2147483647;
			files = (
				6D9249BB28AC17A3001F6B81 /* ViewController.swift in Sources */,
				6D9249B728AC17A3001F6B81 /* AppDelegate.swift in Sources */,
				6D9249ED28AD31E3001F6B81 /* BreatheViewController.swift in Sources */,
				6D9249EB28AD31D3001F6B81 /* JokesViewController.swift in Sources */,
				6D9249E928AD31B5001F6B81 /* WordsViewController.swift in Sources */,
				6D9249B928AC17A3001F6B81 /* SceneDelegate.swift in Sources */,
			);
			runOnlyForDeploymentPostprocessing = 0;
		};
		6D9249C528AC17AA001F6B81 /* Sources */ = {
			isa = PBXSourcesBuildPhase;
			buildActionMask = 2147483647;
			files = (
				6D9249CE28AC17AA001F6B81 /* ComfortCloudTests.swift in Sources */,
			);
			runOnlyForDeploymentPostprocessing = 0;
		};
		6D9249CF28AC17AA001F6B81 /* Sources */ = {
			isa = PBXSourcesBuildPhase;
			buildActionMask = 2147483647;
			files = (
				6D9249D828AC17AA001F6B81 /* ComfortCloudUITests.swift in Sources */,
				6D9249DA28AC17AA001F6B81 /* ComfortCloudUITestsLaunchTests.swift in Sources */,
			);
			runOnlyForDeploymentPostprocessing = 0;
		};
/* End PBXSourcesBuildPhase section */

/* Begin PBXTargetDependency section */
		6D9249CB28AC17AA001F6B81 /* PBXTargetDependency */ = {
			isa = PBXTargetDependency;
			target = 6D9249B228AC17A3001F6B81 /* ComfortCloud */;
			targetProxy = 6D9249CA28AC17AA001F6B81 /* PBXContainerItemProxy */;
		};
		6D9249D528AC17AA001F6B81 /* PBXTargetDependency */ = {
			isa = PBXTargetDependency;
			target = 6D9249B228AC17A3001F6B81 /* ComfortCloud */;
			targetProxy = 6D9249D428AC17AA001F6B81 /* PBXContainerItemProxy */;
		};
/* End PBXTargetDependency section */

/* Begin PBXVariantGroup section */
		6D9249BC28AC17A3001F6B81 /* Main.storyboard */ = {
			isa = PBXVariantGroup;
			children = (
				6D9249BD28AC17A3001F6B81 /* Base */,
			);
			name = Main.storyboard;
			sourceTree = "<group>";
		};
		6D9249C128AC17A9001F6B81 /* LaunchScreen.storyboard */ = {
			isa = PBXVariantGroup;
			children = (
				6D9249C228AC17A9001F6B81 /* Base */,
			);
			name = LaunchScreen.storyboard;
			sourceTree = "<group>";
		};
/* End PBXVariantGroup section */

/* Begin XCBuildConfiguration section */
		6D9249DB28AC17AA001F6B81 /* Debug */ = {
			isa = XCBuildConfiguration;
			buildSettings = {
				ALWAYS_SEARCH_USER_PATHS = NO;
				CLANG_ANALYZER_NONNULL = YES;
				CLANG_ANALYZER_NUMBER_OBJECT_CONVERSION = YES_AGGRESSIVE;
				CLANG_CXX_LANGUAGE_STANDARD = "gnu++17";
				CLANG_ENABLE_MODULES = YES;
				CLANG_ENABLE_OBJC_ARC = YES;
				CLANG_ENABLE_OBJC_WEAK = YES;
				CLANG_WARN_BLOCK_CAPTURE_AUTORELEASING = YES;
				CLANG_WARN_BOOL_CONVERSION = YES;
				CLANG_WARN_COMMA = YES;
				CLANG_WARN_CONSTANT_CONVERSION = YES;
				CLANG_WARN_DEPRECATED_OBJC_IMPLEMENTATIONS = YES;
				CLANG_WARN_DIRECT_OBJC_ISA_USAGE = YES_ERROR;
				CLANG_WARN_DOCUMENTATION_COMMENTS = YES;
				CLANG_WARN_EMPTY_BODY = YES;
				CLANG_WARN_ENUM_CONVERSION = YES;
				CLANG_WARN_INFINITE_RECURSION = YES;
				CLANG_WARN_INT_CONVERSION = YES;
				CLANG_WARN_NON_LITERAL_NULL_CONVERSION = YES;
				CLANG_WARN_OBJC_IMPLICIT_RETAIN_SELF = YES;
				CLANG_WARN_OBJC_LITERAL_CONVERSION = YES;
				CLANG_WARN_OBJC_ROOT_CLASS = YES_ERROR;
				CLANG_WARN_QUOTED_INCLUDE_IN_FRAMEWORK_HEADER = YES;
				CLANG_WARN_RANGE_LOOP_ANALYSIS = YES;
				CLANG_WARN_STRICT_PROTOTYPES = YES;
				CLANG_WARN_SUSPICIOUS_MOVE = YES;
				CLANG_WARN_UNGUARDED_AVAILABILITY = YES_AGGRESSIVE;
				CLANG_WARN_UNREACHABLE_CODE = YES;
				CLANG_WARN__DUPLICATE_METHOD_MATCH = YES;
				COPY_PHASE_STRIP = NO;
				DEBUG_INFORMATION_FORMAT = dwarf;
				ENABLE_STRICT_OBJC_MSGSEND = YES;
				ENABLE_TESTABILITY = YES;
				GCC_C_LANGUAGE_STANDARD = gnu11;
				GCC_DYNAMIC_NO_PIC = NO;
				GCC_NO_COMMON_BLOCKS = YES;
				GCC_OPTIMIZATION_LEVEL = 0;
				GCC_PREPROCESSOR_DEFINITIONS = (
					"DEBUG=1",
					"$(inherited)",
				);
				GCC_WARN_64_TO_32_BIT_CONVERSION = YES;
				GCC_WARN_ABOUT_RETURN_TYPE = YES_ERROR;
				GCC_WARN_UNDECLARED_SELECTOR = YES;
				GCC_WARN_UNINITIALIZED_AUTOS = YES_AGGRESSIVE;
				GCC_WARN_UNUSED_FUNCTION = YES;
				GCC_WARN_UNUSED_VARIABLE = YES;
				IPHONEOS_DEPLOYMENT_TARGET = 15.5;
				MTL_ENABLE_DEBUG_INFO = INCLUDE_SOURCE;
				MTL_FAST_MATH = YES;
				ONLY_ACTIVE_ARCH = YES;
				SDKROOT = iphoneos;
				SWIFT_ACTIVE_COMPILATION_CONDITIONS = DEBUG;
				SWIFT_OPTIMIZATION_LEVEL = "-Onone";
			};
			name = Debug;
		};
		6D9249DC28AC17AA001F6B81 /* Release */ = {
			isa = XCBuildConfiguration;
			buildSettings = {
				ALWAYS_SEARCH_USER_PATHS = NO;
				CLANG_ANALYZER_NONNULL = YES;
				CLANG_ANALYZER_NUMBER_OBJECT_CONVERSION = YES_AGGRESSIVE;
				CLANG_CXX_LANGUAGE_STANDARD = "gnu++17";
				CLANG_ENABLE_MODULES = YES;
				CLANG_ENABLE_OBJC_ARC = YES;
				CLANG_ENABLE_OBJC_WEAK = YES;
				CLANG_WARN_BLOCK_CAPTURE_AUTORELEASING = YES;
				CLANG_WARN_BOOL_CONVERSION = YES;
				CLANG_WARN_COMMA = YES;
				CLANG_WARN_CONSTANT_CONVERSION = YES;
				CLANG_WARN_DEPRECATED_OBJC_IMPLEMENTATIONS = YES;
				CLANG_WARN_DIRECT_OBJC_ISA_USAGE = YES_ERROR;
				CLANG_WARN_DOCUMENTATION_COMMENTS = YES;
				CLANG_WARN_EMPTY_BODY = YES;
				CLANG_WARN_ENUM_CONVERSION = YES;
				CLANG_WARN_INFINITE_RECURSION = YES;
				CLANG_WARN_INT_CONVERSION = YES;
				CLANG_WARN_NON_LITERAL_NULL_CONVERSION = YES;
				CLANG_WARN_OBJC_IMPLICIT_RETAIN_SELF = YES;
				CLANG_WARN_OBJC_LITERAL_CONVERSION = YES;
				CLANG_WARN_OBJC_ROOT_CLASS = YES_ERROR;
				CLANG_WARN_QUOTED_INCLUDE_IN_FRAMEWORK_HEADER = YES;
				CLANG_WARN_RANGE_LOOP_ANALYSIS = YES;
				CLANG_WARN_STRICT_PROTOTYPES = YES;
				CLANG_WARN_SUSPICIOUS_MOVE = YES;
				CLANG_WARN_UNGUARDED_AVAILABILITY = YES_AGGRESSIVE;
				CLANG_WARN_UNREACHABLE_CODE = YES;
				CLANG_WARN__DUPLICATE_METHOD_MATCH = YES;
				COPY_PHASE_STRIP = NO;
				DEBUG_INFORMATION_FORMAT = "dwarf-with-dsym";
				ENABLE_NS_ASSERTIONS = NO;
				ENABLE_STRICT_OBJC_MSGSEND = YES;
				GCC_C_LANGUAGE_STANDARD = gnu11;
				GCC_NO_COMMON_BLOCKS = YES;
				GCC_WARN_64_TO_32_BIT_CONVERSION = YES;
				GCC_WARN_ABOUT_RETURN_TYPE = YES_ERROR;
				GCC_WARN_UNDECLARED_SELECTOR = YES;
				GCC_WARN_UNINITIALIZED_AUTOS = YES_AGGRESSIVE;
				GCC_WARN_UNUSED_FUNCTION = YES;
				GCC_WARN_UNUSED_VARIABLE = YES;
				IPHONEOS_DEPLOYMENT_TARGET = 15.5;
				MTL_ENABLE_DEBUG_INFO = NO;
				MTL_FAST_MATH = YES;
				SDKROOT = iphoneos;
				SWIFT_COMPILATION_MODE = wholemodule;
				SWIFT_OPTIMIZATION_LEVEL = "-O";
				VALIDATE_PRODUCT = YES;
			};
			name = Release;
		};
		6D9249DE28AC17AA001F6B81 /* Debug */ = {
			isa = XCBuildConfiguration;
			buildSettings = {
				ASSETCATALOG_COMPILER_APPICON_NAME = AppIcon;
				ASSETCATALOG_COMPILER_GLOBAL_ACCENT_COLOR_NAME = AccentColor;
				CODE_SIGN_STYLE = Automatic;
				CURRENT_PROJECT_VERSION = 1;
				DEVELOPMENT_TEAM = H8LC63R8MP;
				GENERATE_INFOPLIST_FILE = YES;
				INFOPLIST_FILE = ComfortCloud/Info.plist;
				INFOPLIST_KEY_UIApplicationSupportsIndirectInputEvents = YES;
				INFOPLIST_KEY_UILaunchStoryboardName = LaunchScreen;
				INFOPLIST_KEY_UIMainStoryboardFile = Main;
				INFOPLIST_KEY_UISupportedInterfaceOrientations_iPad = "UIInterfaceOrientationPortrait UIInterfaceOrientationPortraitUpsideDown UIInterfaceOrientationLandscapeLeft UIInterfaceOrientationLandscapeRight";
				INFOPLIST_KEY_UISupportedInterfaceOrientations_iPhone = "UIInterfaceOrientationPortrait UIInterfaceOrientationLandscapeLeft UIInterfaceOrientationLandscapeRight";
				LD_RUNPATH_SEARCH_PATHS = (
					"$(inherited)",
					"@executable_path/Frameworks",
				);
				MARKETING_VERSION = 1.0;
				PRODUCT_BUNDLE_IDENTIFIER = KWK.ComfortCloud;
				PRODUCT_NAME = "$(TARGET_NAME)";
				SWIFT_EMIT_LOC_STRINGS = YES;
				SWIFT_VERSION = 5.0;
				TARGETED_DEVICE_FAMILY = "1,2";
			};
			name = Debug;
		};
		6D9249DF28AC17AA001F6B81 /* Release */ = {
			isa = XCBuildConfiguration;
			buildSettings = {
				ASSETCATALOG_COMPILER_APPICON_NAME = AppIcon;
				ASSETCATALOG_COMPILER_GLOBAL_ACCENT_COLOR_NAME = AccentColor;
				CODE_SIGN_STYLE = Automatic;
				CURRENT_PROJECT_VERSION = 1;
				DEVELOPMENT_TEAM = H8LC63R8MP;
				GENERATE_INFOPLIST_FILE = YES;
				INFOPLIST_FILE = ComfortCloud/Info.plist;
				INFOPLIST_KEY_UIApplicationSupportsIndirectInputEvents = YES;
				INFOPLIST_KEY_UILaunchStoryboardName = LaunchScreen;
				INFOPLIST_KEY_UIMainStoryboardFile = Main;
				INFOPLIST_KEY_UISupportedInterfaceOrientations_iPad = "UIInterfaceOrientationPortrait UIInterfaceOrientationPortraitUpsideDown UIInterfaceOrientationLandscapeLeft UIInterfaceOrientationLandscapeRight";
				INFOPLIST_KEY_UISupportedInterfaceOrientations_iPhone = "UIInterfaceOrientationPortrait UIInterfaceOrientationLandscapeLeft UIInterfaceOrientationLandscapeRight";
				LD_RUNPATH_SEARCH_PATHS = (
					"$(inherited)",
					"@executable_path/Frameworks",
				);
				MARKETING_VERSION = 1.0;
				PRODUCT_BUNDLE_IDENTIFIER = KWK.ComfortCloud;
				PRODUCT_NAME = "$(TARGET_NAME)";
				SWIFT_EMIT_LOC_STRINGS = YES;
				SWIFT_VERSION = 5.0;
				TARGETED_DEVICE_FAMILY = "1,2";
			};
			name = Release;
		};
		6D9249E128AC17AA001F6B81 /* Debug */ = {
			isa = XCBuildConfiguration;
			buildSettings = {
				ALWAYS_EMBED_SWIFT_STANDARD_LIBRARIES = YES;
				BUNDLE_LOADER = "$(TEST_HOST)";
				CODE_SIGN_STYLE = Automatic;
				CURRENT_PROJECT_VERSION = 1;
				DEVELOPMENT_TEAM = H8LC63R8MP;
				GENERATE_INFOPLIST_FILE = YES;
				IPHONEOS_DEPLOYMENT_TARGET = 15.5;
				MARKETING_VERSION = 1.0;
				PRODUCT_BUNDLE_IDENTIFIER = KWK.ComfortCloudTests;
				PRODUCT_NAME = "$(TARGET_NAME)";
				SWIFT_EMIT_LOC_STRINGS = NO;
				SWIFT_VERSION = 5.0;
				TARGETED_DEVICE_FAMILY = "1,2";
				TEST_HOST = "$(BUILT_PRODUCTS_DIR)/ComfortCloud.app/ComfortCloud";
			};
			name = Debug;
		};
		6D9249E228AC17AA001F6B81 /* Release */ = {
			isa = XCBuildConfiguration;
			buildSettings = {
				ALWAYS_EMBED_SWIFT_STANDARD_LIBRARIES = YES;
				BUNDLE_LOADER = "$(TEST_HOST)";
				CODE_SIGN_STYLE = Automatic;
				CURRENT_PROJECT_VERSION = 1;
				DEVELOPMENT_TEAM = H8LC63R8MP;
				GENERATE_INFOPLIST_FILE = YES;
				IPHONEOS_DEPLOYMENT_TARGET = 15.5;
				MARKETING_VERSION = 1.0;
				PRODUCT_BUNDLE_IDENTIFIER = KWK.ComfortCloudTests;
				PRODUCT_NAME = "$(TARGET_NAME)";
				SWIFT_EMIT_LOC_STRINGS = NO;
				SWIFT_VERSION = 5.0;
				TARGETED_DEVICE_FAMILY = "1,2";
				TEST_HOST = "$(BUILT_PRODUCTS_DIR)/ComfortCloud.app/ComfortCloud";
			};
			name = Release;
		};
		6D9249E428AC17AA001F6B81 /* Debug */ = {
			isa = XCBuildConfiguration;
			buildSettings = {
				ALWAYS_EMBED_SWIFT_STANDARD_LIBRARIES = YES;
				CODE_SIGN_STYLE = Automatic;
				CURRENT_PROJECT_VERSION = 1;
				DEVELOPMENT_TEAM = H8LC63R8MP;
				GENERATE_INFOPLIST_FILE = YES;
				MARKETING_VERSION = 1.0;
				PRODUCT_BUNDLE_IDENTIFIER = KWK.ComfortCloudUITests;
				PRODUCT_NAME = "$(TARGET_NAME)";
				SWIFT_EMIT_LOC_STRINGS = NO;
				SWIFT_VERSION = 5.0;
				TARGETED_DEVICE_FAMILY = "1,2";
				TEST_TARGET_NAME = ComfortCloud;
			};
			name = Debug;
		};
		6D9249E528AC17AA001F6B81 /* Release */ = {
			isa = XCBuildConfiguration;
			buildSettings = {
				ALWAYS_EMBED_SWIFT_STANDARD_LIBRARIES = YES;
				CODE_SIGN_STYLE = Automatic;
				CURRENT_PROJECT_VERSION = 1;
				DEVELOPMENT_TEAM = H8LC63R8MP;
				GENERATE_INFOPLIST_FILE = YES;
				MARKETING_VERSION = 1.0;
				PRODUCT_BUNDLE_IDENTIFIER = KWK.ComfortCloudUITests;
				PRODUCT_NAME = "$(TARGET_NAME)";
				SWIFT_EMIT_LOC_STRINGS = NO;
				SWIFT_VERSION = 5.0;
				TARGETED_DEVICE_FAMILY = "1,2";
				TEST_TARGET_NAME = ComfortCloud;
			};
			name = Release;
		};
/* End XCBuildConfiguration section */

/* Begin XCConfigurationList section */
		6D9249AE28AC17A3001F6B81 /* Build configuration list for PBXProject "ComfortCloud" */ = {
			isa = XCConfigurationList;
			buildConfigurations = (
				6D9249DB28AC17AA001F6B81 /* Debug */,
				6D9249DC28AC17AA001F6B81 /* Release */,
			);
			defaultConfigurationIsVisible = 0;
			defaultConfigurationName = Release;
		};
		6D9249DD28AC17AA001F6B81 /* Build configuration list for PBXNativeTarget "ComfortCloud" */ = {
			isa = XCConfigurationList;
			buildConfigurations = (
				6D9249DE28AC17AA001F6B81 /* Debug */,
				6D9249DF28AC17AA001F6B81 /* Release */,
			);
			defaultConfigurationIsVisible = 0;
			defaultConfigurationName = Release;
		};
		6D9249E028AC17AA001F6B81 /* Build configuration list for PBXNativeTarget "ComfortCloudTests" */ = {
			isa = XCConfigurationList;
			buildConfigurations = (
				6D9249E128AC17AA001F6B81 /* Debug */,
				6D9249E228AC17AA001F6B81 /* Release */,
			);
			defaultConfigurationIsVisible = 0;
			defaultConfigurationName = Release;
		};
		6D9249E328AC17AA001F6B81 /* Build configuration list for PBXNativeTarget "ComfortCloudUITests" */ = {
			isa = XCConfigurationList;
			buildConfigurations = (
				6D9249E428AC17AA001F6B81 /* Debug */,
				6D9249E528AC17AA001F6B81 /* Release */,
			);
			defaultConfigurationIsVisible = 0;
			defaultConfigurationName = Release;
		};
/* End XCConfigurationList section */
	};
	rootObject = 6D9249AB28AC17A3001F6B81 /* Project object */;
}
